
Microsoft Visual Studio Solution File, Format Version 12.00
# Visual Studio Version 17
VisualStudioVersion = 17.1.32328.378
MinimumVisualStudioVersion = 10.0.40219.1
Project("{FAE04EC0-301F-11D3-BF4B-00C04F79EFBC}") = "Exercise1", "Exercise1\Exercise1.csproj", "{09F944C5-E48E-452F-B2B1-F856D018D3D5}"
EndProject
Project("{FAE04EC0-301F-11D3-BF4B-00C04F79EFBC}") = "Test", "Test\Test.csproj", "{FA4623B4-B80F-453D-9809-084BD3355E22}"
EndProject
Global
	GlobalSection(SolutionConfigurationPlatforms) = preSolution
		Debug|Any CPU = Debug|Any CPU
		Release|Any CPU = Release|Any CPU
	EndGlobalSection
	GlobalSection(ProjectConfigurationPlatforms) = postSolution
		{09F944C5-E48E-452F-B2B1-F856D018D3D5}.Debug|Any CPU.ActiveCfg = Debug|Any CPU
		{09F944C5-E48E-452F-B2B1-F856D018D3D5}.Debug|Any CPU.Build.0 = Debug|Any CPU
		{09F944C5-E48E-452F-B2B1-F856D018D3D5}.Release|Any CPU.ActiveCfg = Release|Any CPU
		{09F944C5-E48E-452F-B2B1-F856D018D3D5}.Release|Any CPU.Build.0 = Release|Any CPU
		{FA4623B4-B80F-453D-9809-084BD3355E22}.Debug|Any CPU.ActiveCfg = Debug|Any CPU
		{FA4623B4-B80F-453D-9809-084BD3355E22}.Debug|Any CPU.Build.0 = Debug|Any CPU
		{FA4623B4-B80F-453D-9809-084BD3355E22}.Release|Any CPU.ActiveCfg = Release|Any CPU
		{FA4623B4-B80F-453D-9809-084BD3355E22}.Release|Any CPU.Build.0 = Release|Any CPU
	EndGlobalSection
	GlobalSection(SolutionProperties) = preSolution
		HideSolutionNode = FALSE
	EndGlobalSection
	GlobalSection(ExtensibilityGlobals) = postSolution
		SolutionGuid = {B305BE19-86FD-432D-86B4-A9883FD2B9A8}
	EndGlobalSection
EndGlobal
