
Microsoft Visual Studio Solution File, Format Version 12.00
# Visual Studio Version 17
VisualStudioVersion = 17.1.32328.378
MinimumVisualStudioVersion = 10.0.40219.1
Project("{FAE04EC0-301F-11D3-BF4B-00C04F79EFBC}") = "Exercise1", "Exercise1\Exercise1.csproj", "{60FABBDB-5FFE-4331-8D68-9DAC37E5A1CA}"
EndProject
Project("{FAE04EC0-301F-11D3-BF4B-00C04F79EFBC}") = "Zip", "Zip\Zip.csproj", "{4D33ED60-9F6E-475F-A7CD-8A20CD01AAED}"
EndProject
Global
	GlobalSection(SolutionConfigurationPlatforms) = preSolution
		Debug|Any CPU = Debug|Any CPU
		Release|Any CPU = Release|Any CPU
	EndGlobalSection
	GlobalSection(ProjectConfigurationPlatforms) = postSolution
		{60FABBDB-5FFE-4331-8D68-9DAC37E5A1CA}.Debug|Any CPU.ActiveCfg = Debug|Any CPU
		{60FABBDB-5FFE-4331-8D68-9DAC37E5A1CA}.Debug|Any CPU.Build.0 = Debug|Any CPU
		{60FABBDB-5FFE-4331-8D68-9DAC37E5A1CA}.Release|Any CPU.ActiveCfg = Release|Any CPU
		{60FABBDB-5FFE-4331-8D68-9DAC37E5A1CA}.Release|Any CPU.Build.0 = Release|Any CPU
		{4D33ED60-9F6E-475F-A7CD-8A20CD01AAED}.Debug|Any CPU.ActiveCfg = Debug|Any CPU
		{4D33ED60-9F6E-475F-A7CD-8A20CD01AAED}.Debug|Any CPU.Build.0 = Debug|Any CPU
		{4D33ED60-9F6E-475F-A7CD-8A20CD01AAED}.Release|Any CPU.ActiveCfg = Release|Any CPU
		{4D33ED60-9F6E-475F-A7CD-8A20CD01AAED}.Release|Any CPU.Build.0 = Release|Any CPU
	EndGlobalSection
	GlobalSection(SolutionProperties) = preSolution
		HideSolutionNode = FALSE
	EndGlobalSection
	GlobalSection(ExtensibilityGlobals) = postSolution
		SolutionGuid = {63D36FB5-1C82-479D-9283-B10E2253A1D9}
	EndGlobalSection
EndGlobal
