
Microsoft Visual Studio Solution File, Format Version 12.00
# Visual Studio Version 17
VisualStudioVersion = 17.1.32328.378
MinimumVisualStudioVersion = 10.0.40219.1
Project("{FAE04EC0-301F-11D3-BF4B-00C04F79EFBC}") = "Exercise2", "Exercise2\Exercise2.csproj", "{781AC8CB-A29D-4D64-98C4-C512E259385F}"
EndProject
Project("{FAE04EC0-301F-11D3-BF4B-00C04F79EFBC}") = "CollectionsMethods", "CollectionsMethods\CollectionsMethods.csproj", "{5941643E-B225-4028-9707-681312620CEA}"
EndProject
Global
	GlobalSection(SolutionConfigurationPlatforms) = preSolution
		Debug|Any CPU = Debug|Any CPU
		Release|Any CPU = Release|Any CPU
	EndGlobalSection
	GlobalSection(ProjectConfigurationPlatforms) = postSolution
		{781AC8CB-A29D-4D64-98C4-C512E259385F}.Debug|Any CPU.ActiveCfg = Debug|Any CPU
		{781AC8CB-A29D-4D64-98C4-C512E259385F}.Debug|Any CPU.Build.0 = Debug|Any CPU
		{781AC8CB-A29D-4D64-98C4-C512E259385F}.Release|Any CPU.ActiveCfg = Release|Any CPU
		{781AC8CB-A29D-4D64-98C4-C512E259385F}.Release|Any CPU.Build.0 = Release|Any CPU
		{5941643E-B225-4028-9707-681312620CEA}.Debug|Any CPU.ActiveCfg = Debug|Any CPU
		{5941643E-B225-4028-9707-681312620CEA}.Debug|Any CPU.Build.0 = Debug|Any CPU
		{5941643E-B225-4028-9707-681312620CEA}.Release|Any CPU.ActiveCfg = Release|Any CPU
		{5941643E-B225-4028-9707-681312620CEA}.Release|Any CPU.Build.0 = Release|Any CPU
	EndGlobalSection
	GlobalSection(SolutionProperties) = preSolution
		HideSolutionNode = FALSE
	EndGlobalSection
	GlobalSection(ExtensibilityGlobals) = postSolution
		SolutionGuid = {79CF6DA7-119B-44C2-8390-9F92CBFA1AA1}
	EndGlobalSection
EndGlobal
