
Microsoft Visual Studio Solution File, Format Version 12.00
# Visual Studio Version 17
VisualStudioVersion = 17.1.32328.378
MinimumVisualStudioVersion = 10.0.40219.1
Project("{FAE04EC0-301F-11D3-BF4B-00C04F79EFBC}") = "Exercise1", "Exercise1\Exercise1.csproj", "{6881BDEF-6679-4B69-B393-B1209676D979}"
EndProject
Project("{FAE04EC0-301F-11D3-BF4B-00C04F79EFBC}") = "Movement", "Movement\Movement.csproj", "{DF72925B-D6C5-4CC8-A0B4-164BC56C4D80}"
EndProject
Project("{FAE04EC0-301F-11D3-BF4B-00C04F79EFBC}") = "Animals", "Animals\Animals.csproj", "{BF500876-F0DA-4C23-9DF3-7C7BC694A73B}"
	ProjectSection(ProjectDependencies) = postProject
		{DF72925B-D6C5-4CC8-A0B4-164BC56C4D80} = {DF72925B-D6C5-4CC8-A0B4-164BC56C4D80}
	EndProjectSection
EndProject
Global
	GlobalSection(SolutionConfigurationPlatforms) = preSolution
		Debug|Any CPU = Debug|Any CPU
		Release|Any CPU = Release|Any CPU
	EndGlobalSection
	GlobalSection(ProjectConfigurationPlatforms) = postSolution
		{6881BDEF-6679-4B69-B393-B1209676D979}.Debug|Any CPU.ActiveCfg = Debug|Any CPU
		{6881BDEF-6679-4B69-B393-B1209676D979}.Debug|Any CPU.Build.0 = Debug|Any CPU
		{6881BDEF-6679-4B69-B393-B1209676D979}.Release|Any CPU.ActiveCfg = Release|Any CPU
		{6881BDEF-6679-4B69-B393-B1209676D979}.Release|Any CPU.Build.0 = Release|Any CPU
		{DF72925B-D6C5-4CC8-A0B4-164BC56C4D80}.Debug|Any CPU.ActiveCfg = Debug|Any CPU
		{DF72925B-D6C5-4CC8-A0B4-164BC56C4D80}.Debug|Any CPU.Build.0 = Debug|Any CPU
		{DF72925B-D6C5-4CC8-A0B4-164BC56C4D80}.Release|Any CPU.ActiveCfg = Release|Any CPU
		{DF72925B-D6C5-4CC8-A0B4-164BC56C4D80}.Release|Any CPU.Build.0 = Release|Any CPU
		{BF500876-F0DA-4C23-9DF3-7C7BC694A73B}.Debug|Any CPU.ActiveCfg = Debug|Any CPU
		{BF500876-F0DA-4C23-9DF3-7C7BC694A73B}.Debug|Any CPU.Build.0 = Debug|Any CPU
		{BF500876-F0DA-4C23-9DF3-7C7BC694A73B}.Release|Any CPU.ActiveCfg = Release|Any CPU
		{BF500876-F0DA-4C23-9DF3-7C7BC694A73B}.Release|Any CPU.Build.0 = Release|Any CPU
	EndGlobalSection
	GlobalSection(SolutionProperties) = preSolution
		HideSolutionNode = FALSE
	EndGlobalSection
	GlobalSection(ExtensibilityGlobals) = postSolution
		SolutionGuid = {A9434F19-B349-4D96-B6CA-F715C07ACDCF}
	EndGlobalSection
EndGlobal
